
Microsoft Visual Studio Solution File, Format Version 12.00
# Visual Studio Version 17
VisualStudioVersion = 17.2.32630.192
MinimumVisualStudioVersion = 10.0.40219.1
Project("{FAE04EC0-301F-11D3-BF4B-00C04F79EFBC}") = "ManejoDeErrores", "ManejoDeErrores\ManejoDeErrores.csproj", "{FB956F93-11BA-42D2-8CEB-4375001C8B2D}"
EndProject
Project("{FAE04EC0-301F-11D3-BF4B-00C04F79EFBC}") = "Tsimbolos", "Tsimbolos\Tsimbolos.csproj", "{6AFFF902-C502-42E9-A23E-8C4B4B97F976}"
EndProject
Project("{FAE04EC0-301F-11D3-BF4B-00C04F79EFBC}") = "SusiamComp", "SusiamComp\SusiamComp.csproj", "{841DF5D2-8288-431A-88C3-5773355B5D6C}"
EndProject
Global
	GlobalSection(SolutionConfigurationPlatforms) = preSolution
		Debug|Any CPU = Debug|Any CPU
		Release|Any CPU = Release|Any CPU
	EndGlobalSection
	GlobalSection(ProjectConfigurationPlatforms) = postSolution
		{FB956F93-11BA-42D2-8CEB-4375001C8B2D}.Debug|Any CPU.ActiveCfg = Debug|Any CPU
		{FB956F93-11BA-42D2-8CEB-4375001C8B2D}.Debug|Any CPU.Build.0 = Debug|Any CPU
		{FB956F93-11BA-42D2-8CEB-4375001C8B2D}.Release|Any CPU.ActiveCfg = Release|Any CPU
		{FB956F93-11BA-42D2-8CEB-4375001C8B2D}.Release|Any CPU.Build.0 = Release|Any CPU
		{6AFFF902-C502-42E9-A23E-8C4B4B97F976}.Debug|Any CPU.ActiveCfg = Debug|Any CPU
		{6AFFF902-C502-42E9-A23E-8C4B4B97F976}.Debug|Any CPU.Build.0 = Debug|Any CPU
		{6AFFF902-C502-42E9-A23E-8C4B4B97F976}.Release|Any CPU.ActiveCfg = Release|Any CPU
		{6AFFF902-C502-42E9-A23E-8C4B4B97F976}.Release|Any CPU.Build.0 = Release|Any CPU
		{841DF5D2-8288-431A-88C3-5773355B5D6C}.Debug|Any CPU.ActiveCfg = Debug|Any CPU
		{841DF5D2-8288-431A-88C3-5773355B5D6C}.Debug|Any CPU.Build.0 = Debug|Any CPU
		{841DF5D2-8288-431A-88C3-5773355B5D6C}.Release|Any CPU.ActiveCfg = Release|Any CPU
		{841DF5D2-8288-431A-88C3-5773355B5D6C}.Release|Any CPU.Build.0 = Release|Any CPU
	EndGlobalSection
	GlobalSection(SolutionProperties) = preSolution
		HideSolutionNode = FALSE
	EndGlobalSection
	GlobalSection(ExtensibilityGlobals) = postSolution
		SolutionGuid = {77EDC6FC-3A1F-4705-BCAE-1AC607962D85}
	EndGlobalSection
EndGlobal
